
Microsoft Visual Studio Solution File, Format Version 12.00
# Visual Studio Version 16
VisualStudioVersion = 16.0.30011.22
MinimumVisualStudioVersion = 10.0.40219.1
Project("{FAE04EC0-301F-11D3-BF4B-00C04F79EFBC}") = "TcpDemoServer", "TcpDemoServer\TcpDemoServer.csproj", "{87D0B376-931D-49AC-96C1-8DDAEE323071}"
EndProject
Project("{2150E333-8FDC-42A3-9474-1A3956D46DE8}") = "01. 面向连接的网络编程初窥-使用 TCP", "01. 面向连接的网络编程初窥-使用 TCP", "{62FC86A3-D8ED-44D2-AEDF-51B3123B2ABA}"
EndProject
Project("{FAE04EC0-301F-11D3-BF4B-00C04F79EFBC}") = "TcpDemoClient", "TcpDemoClient\TcpDemoClient.csproj", "{8443EBF4-839E-4F5D-965F-E4A17E775BE7}"
EndProject
Global
	GlobalSection(SolutionConfigurationPlatforms) = preSolution
		Debug|Any CPU = Debug|Any CPU
		Release|Any CPU = Release|Any CPU
	EndGlobalSection
	GlobalSection(ProjectConfigurationPlatforms) = postSolution
		{87D0B376-931D-49AC-96C1-8DDAEE323071}.Debug|Any CPU.ActiveCfg = Debug|Any CPU
		{87D0B376-931D-49AC-96C1-8DDAEE323071}.Debug|Any CPU.Build.0 = Debug|Any CPU
		{87D0B376-931D-49AC-96C1-8DDAEE323071}.Release|Any CPU.ActiveCfg = Release|Any CPU
		{87D0B376-931D-49AC-96C1-8DDAEE323071}.Release|Any CPU.Build.0 = Release|Any CPU
		{8443EBF4-839E-4F5D-965F-E4A17E775BE7}.Debug|Any CPU.ActiveCfg = Debug|Any CPU
		{8443EBF4-839E-4F5D-965F-E4A17E775BE7}.Debug|Any CPU.Build.0 = Debug|Any CPU
		{8443EBF4-839E-4F5D-965F-E4A17E775BE7}.Release|Any CPU.ActiveCfg = Release|Any CPU
		{8443EBF4-839E-4F5D-965F-E4A17E775BE7}.Release|Any CPU.Build.0 = Release|Any CPU
	EndGlobalSection
	GlobalSection(SolutionProperties) = preSolution
		HideSolutionNode = FALSE
	EndGlobalSection
	GlobalSection(NestedProjects) = preSolution
		{87D0B376-931D-49AC-96C1-8DDAEE323071} = {62FC86A3-D8ED-44D2-AEDF-51B3123B2ABA}
		{8443EBF4-839E-4F5D-965F-E4A17E775BE7} = {62FC86A3-D8ED-44D2-AEDF-51B3123B2ABA}
	EndGlobalSection
	GlobalSection(ExtensibilityGlobals) = postSolution
		SolutionGuid = {510CCFA6-FC18-4ED7-815E-F295EAE85902}
	EndGlobalSection
EndGlobal
