
Microsoft Visual Studio Solution File, Format Version 12.00
# Visual Studio Version 16
VisualStudioVersion = 16.0.29613.14
MinimumVisualStudioVersion = 10.0.40219.1
Project("{FAE04EC0-301F-11D3-BF4B-00C04F79EFBC}") = "WindowsFormsApp", "WindowsFormsApp\WindowsFormsApp.csproj", "{6EBD8B65-0F13-42B3-9D63-CD60AA0D0B24}"
EndProject
Global
	GlobalSection(SolutionConfigurationPlatforms) = preSolution
		Debug|Any CPU = Debug|Any CPU
		Release|Any CPU = Release|Any CPU
	EndGlobalSection
	GlobalSection(ProjectConfigurationPlatforms) = postSolution
		{6EBD8B65-0F13-42B3-9D63-CD60AA0D0B24}.Debug|Any CPU.ActiveCfg = Debug|Any CPU
		{6EBD8B65-0F13-42B3-9D63-CD60AA0D0B24}.Debug|Any CPU.Build.0 = Debug|Any CPU
		{6EBD8B65-0F13-42B3-9D63-CD60AA0D0B24}.Release|Any CPU.ActiveCfg = Release|Any CPU
		{6EBD8B65-0F13-42B3-9D63-CD60AA0D0B24}.Release|Any CPU.Build.0 = Release|Any CPU
	EndGlobalSection
	GlobalSection(SolutionProperties) = preSolution
		HideSolutionNode = FALSE
	EndGlobalSection
	GlobalSection(ExtensibilityGlobals) = postSolution
		SolutionGuid = {EF28B44F-EC9E-4B6E-A296-A0E1E7F1191F}
	EndGlobalSection
EndGlobal
